# This file is automatically @generated by Cargo.
# It is not intended for manual editing.
version = 3

[[package]]
name = "proconio"
version = "0.5.0"
source = "registry+https://github.com/rust-lang/crates.io-index"
checksum = "c10091de86d0dc939b37a115d74597cbe83af470032a1729d50c98ccee043cb0"

[[package]]
name = "template"
version = "0.1.0"
dependencies = [
 "proconio",
 "text_io",
 "whiteread",
]

[[package]]
name = "text_io"
version = "0.1.12"
source = "registry+https://github.com/rust-lang/crates.io-index"
checksum = "d5f0c8eb2ad70c12a6a69508f499b3051c924f4b1cfeae85bfad96e6bc5bba46"

[[package]]
name = "whiteread"
version = "0.5.0"
source = "registry+https://github.com/rust-lang/crates.io-index"
checksum = "8bc25de0a968755322a6b517a7257df7ec3216ed7907b8fc064906542f9714b3"
